
Microsoft Visual Studio Solution File, Format Version 12.00
# Visual Studio Version 16
VisualStudioVersion = 16.0.30503.244
MinimumVisualStudioVersion = 10.0.40219.1
Project("{FAE04EC0-301F-11D3-BF4B-00C04F79EFBC}") = "PW.HandyTest", "PW.HandyTest\PW.HandyTest.csproj", "{1640F061-EE5D-4C1A-83FB-B3A5F6FE23EA}"
EndProject
Project("{FAE04EC0-301F-11D3-BF4B-00C04F79EFBC}") = "PW.HandyBibliothek", "PW.HandyBibliothek\PW.HandyBibliothek.csproj", "{64D745FF-2FF6-4DDF-B761-E79FCDB6AD37}"
EndProject
Global
	GlobalSection(SolutionConfigurationPlatforms) = preSolution
		Debug|Any CPU = Debug|Any CPU
		Release|Any CPU = Release|Any CPU
	EndGlobalSection
	GlobalSection(ProjectConfigurationPlatforms) = postSolution
		{1640F061-EE5D-4C1A-83FB-B3A5F6FE23EA}.Debug|Any CPU.ActiveCfg = Debug|Any CPU
		{1640F061-EE5D-4C1A-83FB-B3A5F6FE23EA}.Debug|Any CPU.Build.0 = Debug|Any CPU
		{1640F061-EE5D-4C1A-83FB-B3A5F6FE23EA}.Release|Any CPU.ActiveCfg = Release|Any CPU
		{1640F061-EE5D-4C1A-83FB-B3A5F6FE23EA}.Release|Any CPU.Build.0 = Release|Any CPU
		{64D745FF-2FF6-4DDF-B761-E79FCDB6AD37}.Debug|Any CPU.ActiveCfg = Debug|Any CPU
		{64D745FF-2FF6-4DDF-B761-E79FCDB6AD37}.Debug|Any CPU.Build.0 = Debug|Any CPU
		{64D745FF-2FF6-4DDF-B761-E79FCDB6AD37}.Release|Any CPU.ActiveCfg = Release|Any CPU
		{64D745FF-2FF6-4DDF-B761-E79FCDB6AD37}.Release|Any CPU.Build.0 = Release|Any CPU
	EndGlobalSection
	GlobalSection(SolutionProperties) = preSolution
		HideSolutionNode = FALSE
	EndGlobalSection
	GlobalSection(ExtensibilityGlobals) = postSolution
		SolutionGuid = {5A537023-9E80-4C71-B768-0C51EF5A198A}
	EndGlobalSection
EndGlobal
