
Microsoft Visual Studio Solution File, Format Version 12.00
# Visual Studio Version 16
VisualStudioVersion = 16.0.30503.244
MinimumVisualStudioVersion = 10.0.40219.1
Project("{FAE04EC0-301F-11D3-BF4B-00C04F79EFBC}") = "DN_Handy", "DN_Handy.csproj", "{67F9ED89-DD9D-4047-99CF-BEC3C2643955}"
EndProject
Project("{FAE04EC0-301F-11D3-BF4B-00C04F79EFBC}") = "DN_Handy_Bibiliothek", "..\DN_HandyBibiliothek\DN_Handy_Bibiliothek.csproj", "{73638048-50DC-4488-9732-E9F456F80274}"
EndProject
Global
	GlobalSection(SolutionConfigurationPlatforms) = preSolution
		Debug|Any CPU = Debug|Any CPU
		Release|Any CPU = Release|Any CPU
	EndGlobalSection
	GlobalSection(ProjectConfigurationPlatforms) = postSolution
		{67F9ED89-DD9D-4047-99CF-BEC3C2643955}.Debug|Any CPU.ActiveCfg = Debug|Any CPU
		{67F9ED89-DD9D-4047-99CF-BEC3C2643955}.Debug|Any CPU.Build.0 = Debug|Any CPU
		{67F9ED89-DD9D-4047-99CF-BEC3C2643955}.Release|Any CPU.ActiveCfg = Release|Any CPU
		{67F9ED89-DD9D-4047-99CF-BEC3C2643955}.Release|Any CPU.Build.0 = Release|Any CPU
		{73638048-50DC-4488-9732-E9F456F80274}.Debug|Any CPU.ActiveCfg = Debug|Any CPU
		{73638048-50DC-4488-9732-E9F456F80274}.Debug|Any CPU.Build.0 = Debug|Any CPU
		{73638048-50DC-4488-9732-E9F456F80274}.Release|Any CPU.ActiveCfg = Release|Any CPU
		{73638048-50DC-4488-9732-E9F456F80274}.Release|Any CPU.Build.0 = Release|Any CPU
	EndGlobalSection
	GlobalSection(SolutionProperties) = preSolution
		HideSolutionNode = FALSE
	EndGlobalSection
	GlobalSection(ExtensibilityGlobals) = postSolution
		SolutionGuid = {10D26EB8-D070-4FB4-B499-1A3CF2F13B83}
	EndGlobalSection
EndGlobal
